
Microsoft Visual Studio Solution File, Format Version 12.00
# Visual Studio Version 17
VisualStudioVersion = 17.4.33213.308
MinimumVisualStudioVersion = 10.0.40219.1
Project("{FAE04EC0-301F-11D3-BF4B-00C04F79EFBC}") = "WinePage", "WinePage\WinePage.csproj", "{D1308428-843C-4EA6-BA01-EC26AFD6540C}"
EndProject
Global
	GlobalSection(SolutionConfigurationPlatforms) = preSolution
		Debug|Any CPU = Debug|Any CPU
		Release|Any CPU = Release|Any CPU
	EndGlobalSection
	GlobalSection(ProjectConfigurationPlatforms) = postSolution
		{D1308428-843C-4EA6-BA01-EC26AFD6540C}.Debug|Any CPU.ActiveCfg = Debug|Any CPU
		{D1308428-843C-4EA6-BA01-EC26AFD6540C}.Debug|Any CPU.Build.0 = Debug|Any CPU
		{D1308428-843C-4EA6-BA01-EC26AFD6540C}.Release|Any CPU.ActiveCfg = Release|Any CPU
		{D1308428-843C-4EA6-BA01-EC26AFD6540C}.Release|Any CPU.Build.0 = Release|Any CPU
	EndGlobalSection
	GlobalSection(SolutionProperties) = preSolution
		HideSolutionNode = FALSE
	EndGlobalSection
	GlobalSection(ExtensibilityGlobals) = postSolution
		SolutionGuid = {E4156CA1-8258-4114-AA73-14EEA1BBB166}
	EndGlobalSection
EndGlobal
